
Microsoft Visual Studio Solution File, Format Version 12.00
# Visual Studio Version 17
VisualStudioVersion = 17.14.36202.13 d17.14
MinimumVisualStudioVersion = 10.0.40219.1
Project("{FAE04EC0-301F-11D3-BF4B-00C04F79EFBC}") = "TDWA04-Gateway", "TDWA04-Gateway.csproj", "{4FA4D62B-2C0A-22FB-123E-F13669F0A023}"
EndProject
Global
	GlobalSection(SolutionConfigurationPlatforms) = preSolution
		Debug|Any CPU = Debug|Any CPU
		Release|Any CPU = Release|Any CPU
	EndGlobalSection
	GlobalSection(ProjectConfigurationPlatforms) = postSolution
		{4FA4D62B-2C0A-22FB-123E-F13669F0A023}.Debug|Any CPU.ActiveCfg = Debug|Any CPU
		{4FA4D62B-2C0A-22FB-123E-F13669F0A023}.Debug|Any CPU.Build.0 = Debug|Any CPU
		{4FA4D62B-2C0A-22FB-123E-F13669F0A023}.Release|Any CPU.ActiveCfg = Release|Any CPU
		{4FA4D62B-2C0A-22FB-123E-F13669F0A023}.Release|Any CPU.Build.0 = Release|Any CPU
	EndGlobalSection
	GlobalSection(SolutionProperties) = preSolution
		HideSolutionNode = FALSE
	EndGlobalSection
	GlobalSection(ExtensibilityGlobals) = postSolution
		SolutionGuid = {E3F9882A-9EE5-48E8-9A8F-1116654CDB9F}
	EndGlobalSection
EndGlobal
